
Microsoft Visual Studio Solution File, Format Version 12.00
# Visual Studio 15
Project("{FAE04EC0-301F-11D3-BF4B-00C04F79EFBC}") = "com.ccadori.vectorforestscenerydemo.Runtime", "com.ccadori.vectorforestscenerydemo.Runtime.csproj", "{F52229AC-703D-A81D-6EDE-2A41CB1DD6E8}"
EndProject
Project("{FAE04EC0-301F-11D3-BF4B-00C04F79EFBC}") = "Assembly-CSharp", "Assembly-CSharp.csproj", "{5B42E5BE-0B46-08F5-B8A0-BC12BAFD7B8C}"
EndProject
Project("{FAE04EC0-301F-11D3-BF4B-00C04F79EFBC}") = "com.ccadori.vectorforestscenery.Runtime", "com.ccadori.vectorforestscenery.Runtime.csproj", "{0C856055-9D0C-2E54-BF75-9730083097A7}"
EndProject
Global
	GlobalSection(SolutionConfigurationPlatforms) = preSolution
		Debug|Any CPU = Debug|Any CPU
		Release|Any CPU = Release|Any CPU
	EndGlobalSection
	GlobalSection(ProjectConfigurationPlatforms) = postSolution
		{F52229AC-703D-A81D-6EDE-2A41CB1DD6E8}.Debug|Any CPU.ActiveCfg = Debug|Any CPU
		{F52229AC-703D-A81D-6EDE-2A41CB1DD6E8}.Debug|Any CPU.Build.0 = Debug|Any CPU
		{F52229AC-703D-A81D-6EDE-2A41CB1DD6E8}.Release|Any CPU.ActiveCfg = Release|Any CPU
		{F52229AC-703D-A81D-6EDE-2A41CB1DD6E8}.Release|Any CPU.Build.0 = Release|Any CPU
		{5B42E5BE-0B46-08F5-B8A0-BC12BAFD7B8C}.Debug|Any CPU.ActiveCfg = Debug|Any CPU
		{5B42E5BE-0B46-08F5-B8A0-BC12BAFD7B8C}.Debug|Any CPU.Build.0 = Debug|Any CPU
		{5B42E5BE-0B46-08F5-B8A0-BC12BAFD7B8C}.Release|Any CPU.ActiveCfg = Release|Any CPU
		{5B42E5BE-0B46-08F5-B8A0-BC12BAFD7B8C}.Release|Any CPU.Build.0 = Release|Any CPU
		{0C856055-9D0C-2E54-BF75-9730083097A7}.Debug|Any CPU.ActiveCfg = Debug|Any CPU
		{0C856055-9D0C-2E54-BF75-9730083097A7}.Debug|Any CPU.Build.0 = Debug|Any CPU
		{0C856055-9D0C-2E54-BF75-9730083097A7}.Release|Any CPU.ActiveCfg = Release|Any CPU
		{0C856055-9D0C-2E54-BF75-9730083097A7}.Release|Any CPU.Build.0 = Release|Any CPU
	EndGlobalSection
	GlobalSection(SolutionProperties) = preSolution
		HideSolutionNode = FALSE
	EndGlobalSection
EndGlobal
